
Microsoft Visual Studio Solution File, Format Version 12.00
# Visual Studio 15
VisualStudioVersion = 15.0.28307.489
MinimumVisualStudioVersion = 10.0.40219.1
Project("{888888A0-9F3D-457C-B088-3A5042F75D52}") = "PythonLearning2", "PythonLearning2\PythonLearning2.pyproj", "{7920661F-3399-405A-AF88-18DF37D6FCCD}"
EndProject
Global
	GlobalSection(SolutionConfigurationPlatforms) = preSolution
		Debug|Any CPU = Debug|Any CPU
		Release|Any CPU = Release|Any CPU
	EndGlobalSection
	GlobalSection(ProjectConfigurationPlatforms) = postSolution
		{7920661F-3399-405A-AF88-18DF37D6FCCD}.Debug|Any CPU.ActiveCfg = Debug|Any CPU
		{7920661F-3399-405A-AF88-18DF37D6FCCD}.Release|Any CPU.ActiveCfg = Release|Any CPU
	EndGlobalSection
	GlobalSection(SolutionProperties) = preSolution
		HideSolutionNode = FALSE
	EndGlobalSection
	GlobalSection(ExtensibilityGlobals) = postSolution
		SolutionGuid = {7B7E545B-78AF-4DC3-A386-BF7A92B487C5}
	EndGlobalSection
EndGlobal
